// !$*UTF8*$!
{
	archiveVersion = 1;
	classes = {
	};
	objectVersion = 56;
	objects = {

/* Begin PBXBuildFile section */
		6A52A6E62EBF00C300FE3DEC /* Assets.xcassets in Resources */ = {isa = PBXBuildFile; fileRef = 6A52A6E52EBF00C300FE3DEC /* Assets.xcassets */; };
		6A52A6E92EBF00C300FE3DEC /* Preview Assets.xcassets in Resources */ = {isa = PBXBuildFile; fileRef = 6A52A6E82EBF00C300FE3DEC /* Preview Assets.xcassets */; };
		6A52A70E2EBF00E500FE3DEC /* VenueListView.swift in Sources */ = {isa = PBXBuildFile; fileRef = 6A52A70B2EBF00E500FE3DEC /* VenueListView.swift */; };
		6A52A70F2EBF00E500FE3DEC /* App.swift in Sources */ = {isa = PBXBuildFile; fileRef = 6A52A70C2EBF00E500FE3DEC /* App.swift */; };
		6A52A7102EBF00E500FE3DEC /* HelloStylesView.swift in Sources */ = {isa = PBXBuildFile; fileRef = 6A52A70D2EBF00E500FE3DEC /* HelloStylesView.swift */; };
/* End PBXBuildFile section */

/* Begin PBXContainerItemProxy section */
		6A52A6EF2EBF00C400FE3DEC /* PBXContainerItemProxy */ = {
			isa = PBXContainerItemProxy;
			containerPortal = 6A52A6D62EBF00C200FE3DEC /* Project object */;
			proxyType = 1;
			remoteGlobalIDString = 6A52A6DD2EBF00C200FE3DEC;
			remoteInfo = "Nightlife Navigator";
		};
		6A52A6F92EBF00C400FE3DEC /* PBXContainerItemProxy */ = {
			isa = PBXContainerItemProxy;
			containerPortal = 6A52A6D62EBF00C200FE3DEC /* Project object */;
			proxyType = 1;
			remoteGlobalIDString = 6A52A6DD2EBF00C200FE3DEC;
			remoteInfo = "Nightlife Navigator";
		};
/* End PBXContainerItemProxy section */

/* Begin PBXFileReference section */
		6A52A6DE2EBF00C200FE3DEC /* Nightlife Navigator.app */ = {isa = PBXFileReference; explicitFileType = wrapper.application; includeInIndex = 0; path = "Nightlife Navigator.app"; sourceTree = BUILT_PRODUCTS_DIR; };
		6A52A6E52EBF00C300FE3DEC /* Assets.xcassets */ = {isa = PBXFileReference; lastKnownFileType = folder.assetcatalog; path = Assets.xcassets; sourceTree = "<group>"; };
		6A52A6E82EBF00C300FE3DEC /* Preview Assets.xcassets */ = {isa = PBXFileReference; lastKnownFileType = folder.assetcatalog; path = "Preview Assets.xcassets"; sourceTree = "<group>"; };
		6A52A6EE2EBF00C400FE3DEC /* Nightlife NavigatorTests.xctest */ = {isa = PBXFileReference; explicitFileType = wrapper.cfbundle; includeInIndex = 0; path = "Nightlife NavigatorTests.xctest"; sourceTree = BUILT_PRODUCTS_DIR; };
		6A52A6F82EBF00C400FE3DEC /* Nightlife NavigatorUITests.xctest */ = {isa = PBXFileReference; explicitFileType = wrapper.cfbundle; includeInIndex = 0; path = "Nightlife NavigatorUITests.xctest"; sourceTree = BUILT_PRODUCTS_DIR; };
		6A52A70B2EBF00E500FE3DEC /* VenueListView.swift */ = {isa = PBXFileReference; fileEncoding = 4; lastKnownFileType = sourcecode.swift; name = VenueListView.swift; path = ../../../Downloads/VenueListView.swift; sourceTree = "<group>"; };
		6A52A70C2EBF00E500FE3DEC /* App.swift */ = {isa = PBXFileReference; fileEncoding = 4; lastKnownFileType = sourcecode.swift; name = App.swift; path = ../../../Downloads/App.swift; sourceTree = "<group>"; };
		6A52A70D2EBF00E500FE3DEC /* HelloStylesView.swift */ = {isa = PBXFileReference; fileEncoding = 4; lastKnownFileType = sourcecode.swift; name = HelloStylesView.swift; path = ../../../Downloads/HelloStylesView.swift; sourceTree = "<group>"; };
/* End PBXFileReference section */

/* Begin PBXFrameworksBuildPhase section */
		6A52A6DB2EBF00C200FE3DEC /* Frameworks */ = {
			isa = PBXFrameworksBuildPhase;
			buildActionMask = 2147483647;
			files = (
			);
			runOnlyForDeploymentPostprocessing = 0;
		};
		6A52A6EB2EBF00C400FE3DEC /* Frameworks */ = {
			isa = PBXFrameworksBuildPhase;
			buildActionMask = 2147483647;
			files = (
			);
			runOnlyForDeploymentPostprocessing = 0;
		};
		6A52A6F52EBF00C400FE3DEC /* Frameworks */ = {
			isa = PBXFrameworksBuildPhase;
			buildActionMask = 2147483647;
			files = (
			);
			runOnlyForDeploymentPostprocessing = 0;
		};
/* End PBXFrameworksBuildPhase section */

/* Begin PBXGroup section */
		6A52A6D52EBF00C200FE3DEC = {
			isa = PBXGroup;
			children = (
				6A52A6E02EBF00C200FE3DEC /* Nightlife Navigator */,
				6A52A6DF2EBF00C200FE3DEC /* Products */,
			);
			sourceTree = "<group>";
		};
		6A52A6DF2EBF00C200FE3DEC /* Products */ = {
			isa = PBXGroup;
			children = (
				6A52A6DE2EBF00C200FE3DEC /* Nightlife Navigator.app */,
				6A52A6EE2EBF00C400FE3DEC /* Nightlife NavigatorTests.xctest */,
				6A52A6F82EBF00C400FE3DEC /* Nightlife NavigatorUITests.xctest */,
			);
			name = Products;
			sourceTree = "<group>";
		};
		6A52A6E02EBF00C200FE3DEC /* Nightlife Navigator */ = {
			isa = PBXGroup;
			children = (
				6A52A70C2EBF00E500FE3DEC /* App.swift */,
				6A52A70D2EBF00E500FE3DEC /* HelloStylesView.swift */,
				6A52A70B2EBF00E500FE3DEC /* VenueListView.swift */,
				6A52A6E52EBF00C300FE3DEC /* Assets.xcassets */,
				6A52A6E72EBF00C300FE3DEC /* Preview Content */,
			);
			path = "Nightlife Navigator";
			sourceTree = "<group>";
		};
		6A52A6E72EBF00C300FE3DEC /* Preview Content */ = {
			isa = PBXGroup;
			children = (
				6A52A6E82EBF00C300FE3DEC /* Preview Assets.xcassets */,
			);
			path = "Preview Content";
			sourceTree = "<group>";
		};
/* End PBXGroup section */

/* Begin PBXNativeTarget section */
		6A52A6DD2EBF00C200FE3DEC /* Nightlife Navigator */ = {
			isa = PBXNativeTarget;
			buildConfigurationList = 6A52A7022EBF00C400FE3DEC /* Build configuration list for PBXNativeTarget "Nightlife Navigator" */;
			buildPhases = (
				6A52A6DA2EBF00C200FE3DEC /* Sources */,
				6A52A6DB2EBF00C200FE3DEC /* Frameworks */,
				6A52A6DC2EBF00C200FE3DEC /* Resources */,
			);
			buildRules = (
			);
			dependencies = (
			);
			name = "Nightlife Navigator";
			productName = "Nightlife Navigator";
			productReference = 6A52A6DE2EBF00C200FE3DEC /* Nightlife Navigator.app */;
			productType = "com.apple.product-type.application";
		};
		6A52A6ED2EBF00C400FE3DEC /* Nightlife NavigatorTests */ = {
			isa = PBXNativeTarget;
			buildConfigurationList = 6A52A7052EBF00C400FE3DEC /* Build configuration list for PBXNativeTarget "Nightlife NavigatorTests" */;
			buildPhases = (
				6A52A6EA2EBF00C400FE3DEC /* Sources */,
				6A52A6EB2EBF00C400FE3DEC /* Frameworks */,
				6A52A6EC2EBF00C400FE3DEC /* Resources */,
			);
			buildRules = (
			);
			dependencies = (
				6A52A6F02EBF00C400FE3DEC /* PBXTargetDependency */,
			);
			name = "Nightlife NavigatorTests";
			productName = "Nightlife NavigatorTests";
			productReference = 6A52A6EE2EBF00C400FE3DEC /* Nightlife NavigatorTests.xctest */;
			productType = "com.apple.product-type.bundle.unit-test";
		};
		6A52A6F72EBF00C400FE3DEC /* Nightlife NavigatorUITests */ = {
			isa = PBXNativeTarget;
			buildConfigurationList = 6A52A7082EBF00C400FE3DEC /* Build configuration list for PBXNativeTarget "Nightlife NavigatorUITests" */;
			buildPhases = (
				6A52A6F42EBF00C400FE3DEC /* Sources */,
				6A52A6F52EBF00C400FE3DEC /* Frameworks */,
				6A52A6F62EBF00C400FE3DEC /* Resources */,
			);
			buildRules = (
			);
			dependencies = (
				6A52A6FA2EBF00C400FE3DEC /* PBXTargetDependency */,
			);
			name = "Nightlife NavigatorUITests";
			productName = "Nightlife NavigatorUITests";
			productReference = 6A52A6F82EBF00C400FE3DEC /* Nightlife NavigatorUITests.xctest */;
			productType = "com.apple.product-type.bundle.ui-testing";
		};
/* End PBXNativeTarget section */

/* Begin PBXProject section */
		6A52A6D62EBF00C200FE3DEC /* Project object */ = {
			isa = PBXProject;
			attributes = {
				BuildIndependentTargetsInParallel = 1;
				LastSwiftUpdateCheck = 1530;
				LastUpgradeCheck = 1530;
				TargetAttributes = {
					6A52A6DD2EBF00C200FE3DEC = {
						CreatedOnToolsVersion = 15.3;
						LastSwiftMigration = 1530;
					};
					6A52A6ED2EBF00C400FE3DEC = {
						CreatedOnToolsVersion = 15.3;
						TestTargetID = 6A52A6DD2EBF00C200FE3DEC;
					};
					6A52A6F72EBF00C400FE3DEC = {
						CreatedOnToolsVersion = 15.3;
						TestTargetID = 6A52A6DD2EBF00C200FE3DEC;
					};
				};
			};
			buildConfigurationList = 6A52A6D92EBF00C200FE3DEC /* Build configuration list for PBXProject "Nightlife Navigator" */;
			compatibilityVersion = "Xcode 14.0";
			developmentRegion = en;
			hasScannedForEncodings = 0;
			knownRegions = (
				en,
				Base,
			);
			mainGroup = 6A52A6D52EBF00C200FE3DEC;
			productRefGroup = 6A52A6DF2EBF00C200FE3DEC /* Products */;
			projectDirPath = "";
			projectRoot = "";
			targets = (
				6A52A6DD2EBF00C200FE3DEC /* Nightlife Navigator */,
				6A52A6ED2EBF00C400FE3DEC /* Nightlife NavigatorTests */,
				6A52A6F72EBF00C400FE3DEC /* Nightlife NavigatorUITests */,
			);
		};
/* End PBXProject section */

/* Begin PBXResourcesBuildPhase section */
		6A52A6DC2EBF00C200FE3DEC /* Resources */ = {
			isa = PBXResourcesBuildPhase;
			buildActionMask = 2147483647;
			files = (
				6A52A6E92EBF00C300FE3DEC /* Preview Assets.xcassets in Resources */,
				6A52A6E62EBF00C300FE3DEC /* Assets.xcassets in Resources */,
			);
			runOnlyForDeploymentPostprocessing = 0;
		};
		6A52A6EC2EBF00C400FE3DEC /* Resources */ = {
			isa = PBXResourcesBuildPhase;
			buildActionMask = 2147483647;
			files = (
			);
			runOnlyForDeploymentPostprocessing = 0;
		};
		6A52A6F62EBF00C400FE3DEC /* Resources */ = {
			isa = PBXResourcesBuildPhase;
			buildActionMask = 2147483647;
			files = (
			);
			runOnlyForDeploymentPostprocessing = 0;
		};
/* End PBXResourcesBuildPhase section */

/* Begin PBXSourcesBuildPhase section */
		6A52A6DA2EBF00C200FE3DEC /* Sources */ = {
			isa = PBXSourcesBuildPhase;
			buildActionMask = 2147483647;
			files = (
				6A52A70E2EBF00E500FE3DEC /* VenueListView.swift in Sources */,
				6A52A70F2EBF00E500FE3DEC /* App.swift in Sources */,
				6A52A7102EBF00E500FE3DEC /* HelloStylesView.swift in Sources */,
			);
			runOnlyForDeploymentPostprocessing = 0;
		};
		6A52A6EA2EBF00C400FE3DEC /* Sources */ = {
			isa = PBXSourcesBuildPhase;
			buildActionMask = 2147483647;
			files = (
			);
			runOnlyForDeploymentPostprocessing = 0;
		};
		6A52A6F42EBF00C400FE3DEC /* Sources */ = {
			isa = PBXSourcesBuildPhase;
			buildActionMask = 2147483647;
			files = (
			);
			runOnlyForDeploymentPostprocessing = 0;
		};
/* End PBXSourcesBuildPhase section */

/* Begin PBXTargetDependency section */
		6A52A6F02EBF00C400FE3DEC /* PBXTargetDependency */ = {
			isa = PBXTargetDependency;
			target = 6A52A6DD2EBF00C200FE3DEC /* Nightlife Navigator */;
			targetProxy = 6A52A6EF2EBF00C400FE3DEC /* PBXContainerItemProxy */;
		};
		6A52A6FA2EBF00C400FE3DEC /* PBXTargetDependency */ = {
			isa = PBXTargetDependency;
			target = 6A52A6DD2EBF00C200FE3DEC /* Nightlife Navigator */;
			targetProxy = 6A52A6F92EBF00C400FE3DEC /* PBXContainerItemProxy */;
		};
/* End PBXTargetDependency section */

/* Begin XCBuildConfiguration section */
		6A52A7002EBF00C400FE3DEC /* Debug */ = {
			isa = XCBuildConfiguration;
			buildSettings = {
				ALWAYS_SEARCH_USER_PATHS = NO;
				ASSETCATALOG_COMPILER_GENERATE_SWIFT_ASSET_SYMBOL_EXTENSIONS = YES;
				CLANG_ANALYZER_NONNULL = YES;
				CLANG_ANALYZER_NUMBER_OBJECT_CONVERSION = YES_AGGRESSIVE;
				CLANG_CXX_LANGUAGE_STANDARD = "gnu++20";
				CLANG_ENABLE_MODULES = YES;
				CLANG_ENABLE_OBJC_ARC = YES;
				CLANG_ENABLE_OBJC_WEAK = YES;
				CLANG_WARN_BLOCK_CAPTURE_AUTORELEASING = YES;
				CLANG_WARN_BOOL_CONVERSION = YES;
				CLANG_WARN_COMMA = YES;
				CLANG_WARN_CONSTANT_CONVERSION = YES;
				CLANG_WARN_DEPRECATED_OBJC_IMPLEMENTATIONS = YES;
				CLANG_WARN_DIRECT_OBJC_ISA_USAGE = YES_ERROR;
				CLANG_WARN_DOCUMENTATION_COMMENTS = YES;
				CLANG_WARN_EMPTY_BODY = YES;
				CLANG_WARN_ENUM_CONVERSION = YES;
				CLANG_WARN_INFINITE_RECURSION = YES;
				CLANG_WARN_INT_CONVERSION = YES;
				CLANG_WARN_NON_LITERAL_NULL_CONVERSION = YES;
				CLANG_WARN_OBJC_IMPLICIT_RETAIN_SELF = YES;
				CLANG_WARN_OBJC_LITERAL_CONVERSION = YES;
				CLANG_WARN_OBJC_ROOT_CLASS = YES_ERROR;
				CLANG_WARN_QUOTED_INCLUDE_IN_FRAMEWORK_HEADER = YES;
				CLANG_WARN_RANGE_LOOP_ANALYSIS = YES;
				CLANG_WARN_STRICT_PROTOTYPES = YES;
				CLANG_WARN_SUSPICIOUS_MOVE = YES;
				CLANG_WARN_UNGUARDED_AVAILABILITY = YES_AGGRESSIVE;
				CLANG_WARN_UNREACHABLE_CODE = YES;
				CLANG_WARN__DUPLICATE_METHOD_MATCH = YES;
				COPY_PHASE_STRIP = NO;
				DEBUG_INFORMATION_FORMAT = dwarf;
				ENABLE_STRICT_OBJC_MSGSEND = YES;
				ENABLE_TESTABILITY = YES;
				ENABLE_USER_SCRIPT_SANDBOXING = YES;
				GCC_C_LANGUAGE_STANDARD = gnu17;
				GCC_DYNAMIC_NO_PIC = NO;
				GCC_NO_COMMON_BLOCKS = YES;
				GCC_OPTIMIZATION_LEVEL = 0;
				GCC_PREPROCESSOR_DEFINITIONS = (
					"DEBUG=1",
					"$(inherited)",
				);
				GCC_WARN_64_TO_32_BIT_CONVERSION = YES;
				GCC_WARN_ABOUT_RETURN_TYPE = YES_ERROR;
				GCC_WARN_UNDECLARED_SELECTOR = YES;
				GCC_WARN_UNINITIALIZED_AUTOS = YES_AGGRESSIVE;
				GCC_WARN_UNUSED_FUNCTION = YES;
				GCC_WARN_UNUSED_VARIABLE = YES;
				IPHONEOS_DEPLOYMENT_TARGET = 17.4;
				LOCALIZATION_PREFERS_STRING_CATALOGS = YES;
				MTL_ENABLE_DEBUG_INFO = INCLUDE_SOURCE;
				MTL_FAST_MATH = YES;
				ONLY_ACTIVE_ARCH = YES;
				SDKROOT = iphoneos;
				SWIFT_ACTIVE_COMPILATION_CONDITIONS = "DEBUG $(inherited)";
				SWIFT_OPTIMIZATION_LEVEL = "-Onone";
			};
			name = Debug;
		};
		6A52A7012EBF00C400FE3DEC /* Release */ = {
			isa = XCBuildConfiguration;
			buildSettings = {
				ALWAYS_SEARCH_USER_PATHS = NO;
				ASSETCATALOG_COMPILER_GENERATE_SWIFT_ASSET_SYMBOL_EXTENSIONS = YES;
				CLANG_ANALYZER_NONNULL = YES;
				CLANG_ANALYZER_NUMBER_OBJECT_CONVERSION = YES_AGGRESSIVE;
				CLANG_CXX_LANGUAGE_STANDARD = "gnu++20";
				CLANG_ENABLE_MODULES = YES;
				CLANG_ENABLE_OBJC_ARC = YES;
				CLANG_ENABLE_OBJC_WEAK = YES;
				CLANG_WARN_BLOCK_CAPTURE_AUTORELEASING = YES;
				CLANG_WARN_BOOL_CONVERSION = YES;
				CLANG_WARN_COMMA = YES;
				CLANG_WARN_CONSTANT_CONVERSION = YES;
				CLANG_WARN_DEPRECATED_OBJC_IMPLEMENTATIONS = YES;
				CLANG_WARN_DIRECT_OBJC_ISA_USAGE = YES_ERROR;
				CLANG_WARN_DOCUMENTATION_COMMENTS = YES;
				CLANG_WARN_EMPTY_BODY = YES;
				CLANG_WARN_ENUM_CONVERSION = YES;
				CLANG_WARN_INFINITE_RECURSION = YES;
				CLANG_WARN_INT_CONVERSION = YES;
				CLANG_WARN_NON_LITERAL_NULL_CONVERSION = YES;
				CLANG_WARN_OBJC_IMPLICIT_RETAIN_SELF = YES;
				CLANG_WARN_OBJC_LITERAL_CONVERSION = YES;
				CLANG_WARN_OBJC_ROOT_CLASS = YES_ERROR;
				CLANG_WARN_QUOTED_INCLUDE_IN_FRAMEWORK_HEADER = YES;
				CLANG_WARN_RANGE_LOOP_ANALYSIS = YES;
				CLANG_WARN_STRICT_PROTOTYPES = YES;
				CLANG_WARN_SUSPICIOUS_MOVE = YES;
				CLANG_WARN_UNGUARDED_AVAILABILITY = YES_AGGRESSIVE;
				CLANG_WARN_UNREACHABLE_CODE = YES;
				CLANG_WARN__DUPLICATE_METHOD_MATCH = YES;
				COPY_PHASE_STRIP = NO;
				DEBUG_INFORMATION_FORMAT = "dwarf-with-dsym";
				ENABLE_NS_ASSERTIONS = NO;
				ENABLE_STRICT_OBJC_MSGSEND = YES;
				ENABLE_USER_SCRIPT_SANDBOXING = YES;
				GCC_C_LANGUAGE_STANDARD = gnu17;
				GCC_NO_COMMON_BLOCKS = YES;
				GCC_WARN_64_TO_32_BIT_CONVERSION = YES;
				GCC_WARN_ABOUT_RETURN_TYPE = YES_ERROR;
				GCC_WARN_UNDECLARED_SELECTOR = YES;
				GCC_WARN_UNINITIALIZED_AUTOS = YES_AGGRESSIVE;
				GCC_WARN_UNUSED_FUNCTION = YES;
				GCC_WARN_UNUSED_VARIABLE = YES;
				IPHONEOS_DEPLOYMENT_TARGET = 17.4;
				LOCALIZATION_PREFERS_STRING_CATALOGS = YES;
				MTL_ENABLE_DEBUG_INFO = NO;
				MTL_FAST_MATH = YES;
				SDKROOT = iphoneos;
				SWIFT_COMPILATION_MODE = wholemodule;
				VALIDATE_PRODUCT = YES;
			};
			name = Release;
		};
		6A52A7032EBF00C400FE3DEC /* Debug */ = {
			isa = XCBuildConfiguration;
			buildSettings = {
				ASSETCATALOG_COMPILER_APPICON_NAME = AppIcon;
				ASSETCATALOG_COMPILER_GLOBAL_ACCENT_COLOR_NAME = AccentColor;
				CLANG_ENABLE_MODULES = YES;
				CODE_SIGN_STYLE = Automatic;
				CURRENT_PROJECT_VERSION = 1;
				DEVELOPMENT_ASSET_PATHS = "\"Nightlife Navigator/Preview Content\"";
				DEVELOPMENT_TEAM = 5USBYVSQ89;
				ENABLE_PREVIEWS = YES;
				GENERATE_INFOPLIST_FILE = YES;
				INFOPLIST_KEY_UIApplicationSceneManifest_Generation = YES;
				INFOPLIST_KEY_UIApplicationSupportsIndirectInputEvents = YES;
				INFOPLIST_KEY_UILaunchScreen_Generation = YES;
				INFOPLIST_KEY_UISupportedInterfaceOrientations_iPad = "UIInterfaceOrientationPortrait UIInterfaceOrientationPortraitUpsideDown UIInterfaceOrientationLandscapeLeft UIInterfaceOrientationLandscapeRight";
				INFOPLIST_KEY_UISupportedInterfaceOrientations_iPhone = "UIInterfaceOrientationPortrait UIInterfaceOrientationLandscapeLeft UIInterfaceOrientationLandscapeRight";
				LD_RUNPATH_SEARCH_PATHS = (
					"$(inherited)",
					"@executable_path/Frameworks",
				);
				MARKETING_VERSION = 1.0;
				PRODUCT_BUNDLE_IDENTIFIER = "CIS-4120-5120.Nightlife-Navigator";
				PRODUCT_NAME = "$(TARGET_NAME)";
				SWIFT_EMIT_LOC_STRINGS = YES;
				SWIFT_OPTIMIZATION_LEVEL = "-Onone";
				SWIFT_VERSION = 5.0;
				TARGETED_DEVICE_FAMILY = "1,2";
			};
			name = Debug;
		};
		6A52A7042EBF00C400FE3DEC /* Release */ = {
			isa = XCBuildConfiguration;
			buildSettings = {
				ASSETCATALOG_COMPILER_APPICON_NAME = AppIcon;
				ASSETCATALOG_COMPILER_GLOBAL_ACCENT_COLOR_NAME = AccentColor;
				CLANG_ENABLE_MODULES = YES;
				CODE_SIGN_STYLE = Automatic;
				CURRENT_PROJECT_VERSION = 1;
				DEVELOPMENT_ASSET_PATHS = "\"Nightlife Navigator/Preview Content\"";
				DEVELOPMENT_TEAM = 5USBYVSQ89;
				ENABLE_PREVIEWS = YES;
				GENERATE_INFOPLIST_FILE = YES;
				INFOPLIST_KEY_UIApplicationSceneManifest_Generation = YES;
				INFOPLIST_KEY_UIApplicationSupportsIndirectInputEvents = YES;
				INFOPLIST_KEY_UILaunchScreen_Generation = YES;
				INFOPLIST_KEY_UISupportedInterfaceOrientations_iPad = "UIInterfaceOrientationPortrait UIInterfaceOrientationPortraitUpsideDown UIInterfaceOrientationLandscapeLeft UIInterfaceOrientationLandscapeRight";
				INFOPLIST_KEY_UISupportedInterfaceOrientations_iPhone = "UIInterfaceOrientationPortrait UIInterfaceOrientationLandscapeLeft UIInterfaceOrientationLandscapeRight";
				LD_RUNPATH_SEARCH_PATHS = (
					"$(inherited)",
					"@executable_path/Frameworks",
				);
				MARKETING_VERSION = 1.0;
				PRODUCT_BUNDLE_IDENTIFIER = "CIS-4120-5120.Nightlife-Navigator";
				PRODUCT_NAME = "$(TARGET_NAME)";
				SWIFT_EMIT_LOC_STRINGS = YES;
				SWIFT_VERSION = 5.0;
				TARGETED_DEVICE_FAMILY = "1,2";
			};
			name = Release;
		};
		6A52A7062EBF00C400FE3DEC /* Debug */ = {
			isa = XCBuildConfiguration;
			buildSettings = {
				ALWAYS_EMBED_SWIFT_STANDARD_LIBRARIES = YES;
				BUNDLE_LOADER = "$(TEST_HOST)";
				CODE_SIGN_STYLE = Automatic;
				CURRENT_PROJECT_VERSION = 1;
				GENERATE_INFOPLIST_FILE = YES;
				IPHONEOS_DEPLOYMENT_TARGET = 17.4;
				MARKETING_VERSION = 1.0;
				PRODUCT_BUNDLE_IDENTIFIER = "CIS-4120-5120.Nightlife-NavigatorTests";
				PRODUCT_NAME = "$(TARGET_NAME)";
				SWIFT_EMIT_LOC_STRINGS = NO;
				SWIFT_VERSION = 5.0;
				TARGETED_DEVICE_FAMILY = "1,2";
				TEST_HOST = "$(BUILT_PRODUCTS_DIR)/Nightlife Navigator.app/$(BUNDLE_EXECUTABLE_FOLDER_PATH)/Nightlife Navigator";
			};
			name = Debug;
		};
		6A52A7072EBF00C400FE3DEC /* Release */ = {
			isa = XCBuildConfiguration;
			buildSettings = {
				ALWAYS_EMBED_SWIFT_STANDARD_LIBRARIES = YES;
				BUNDLE_LOADER = "$(TEST_HOST)";
				CODE_SIGN_STYLE = Automatic;
				CURRENT_PROJECT_VERSION = 1;
				GENERATE_INFOPLIST_FILE = YES;
				IPHONEOS_DEPLOYMENT_TARGET = 17.4;
				MARKETING_VERSION = 1.0;
				PRODUCT_BUNDLE_IDENTIFIER = "CIS-4120-5120.Nightlife-NavigatorTests";
				PRODUCT_NAME = "$(TARGET_NAME)";
				SWIFT_EMIT_LOC_STRINGS = NO;
				SWIFT_VERSION = 5.0;
				TARGETED_DEVICE_FAMILY = "1,2";
				TEST_HOST = "$(BUILT_PRODUCTS_DIR)/Nightlife Navigator.app/$(BUNDLE_EXECUTABLE_FOLDER_PATH)/Nightlife Navigator";
			};
			name = Release;
		};
		6A52A7092EBF00C400FE3DEC /* Debug */ = {
			isa = XCBuildConfiguration;
			buildSettings = {
				ALWAYS_EMBED_SWIFT_STANDARD_LIBRARIES = YES;
				CODE_SIGN_STYLE = Automatic;
				CURRENT_PROJECT_VERSION = 1;
				GENERATE_INFOPLIST_FILE = YES;
				MARKETING_VERSION = 1.0;
				PRODUCT_BUNDLE_IDENTIFIER = "CIS-4120-5120.Nightlife-NavigatorUITests";
				PRODUCT_NAME = "$(TARGET_NAME)";
				SWIFT_EMIT_LOC_STRINGS = NO;
				SWIFT_VERSION = 5.0;
				TARGETED_DEVICE_FAMILY = "1,2";
				TEST_TARGET_NAME = "Nightlife Navigator";
			};
			name = Debug;
		};
		6A52A70A2EBF00C400FE3DEC /* Release */ = {
			isa = XCBuildConfiguration;
			buildSettings = {
				ALWAYS_EMBED_SWIFT_STANDARD_LIBRARIES = YES;
				CODE_SIGN_STYLE = Automatic;
				CURRENT_PROJECT_VERSION = 1;
				GENERATE_INFOPLIST_FILE = YES;
				MARKETING_VERSION = 1.0;
				PRODUCT_BUNDLE_IDENTIFIER = "CIS-4120-5120.Nightlife-NavigatorUITests";
				PRODUCT_NAME = "$(TARGET_NAME)";
				SWIFT_EMIT_LOC_STRINGS = NO;
				SWIFT_VERSION = 5.0;
				TARGETED_DEVICE_FAMILY = "1,2";
				TEST_TARGET_NAME = "Nightlife Navigator";
			};
			name = Release;
		};
/* End XCBuildConfiguration section */

/* Begin XCConfigurationList section */
		6A52A6D92EBF00C200FE3DEC /* Build configuration list for PBXProject "Nightlife Navigator" */ = {
			isa = XCConfigurationList;
			buildConfigurations = (
				6A52A7002EBF00C400FE3DEC /* Debug */,
				6A52A7012EBF00C400FE3DEC /* Release */,
			);
			defaultConfigurationIsVisible = 0;
			defaultConfigurationName = Release;
		};
		6A52A7022EBF00C400FE3DEC /* Build configuration list for PBXNativeTarget "Nightlife Navigator" */ = {
			isa = XCConfigurationList;
			buildConfigurations = (
				6A52A7032EBF00C400FE3DEC /* Debug */,
				6A52A7042EBF00C400FE3DEC /* Release */,
			);
			defaultConfigurationIsVisible = 0;
			defaultConfigurationName = Release;
		};
		6A52A7052EBF00C400FE3DEC /* Build configuration list for PBXNativeTarget "Nightlife NavigatorTests" */ = {
			isa = XCConfigurationList;
			buildConfigurations = (
				6A52A7062EBF00C400FE3DEC /* Debug */,
				6A52A7072EBF00C400FE3DEC /* Release */,
			);
			defaultConfigurationIsVisible = 0;
			defaultConfigurationName = Release;
		};
		6A52A7082EBF00C400FE3DEC /* Build configuration list for PBXNativeTarget "Nightlife NavigatorUITests" */ = {
			isa = XCConfigurationList;
			buildConfigurations = (
				6A52A7092EBF00C400FE3DEC /* Debug */,
				6A52A70A2EBF00C400FE3DEC /* Release */,
			);
			defaultConfigurationIsVisible = 0;
			defaultConfigurationName = Release;
		};
/* End XCConfigurationList section */
	};
	rootObject = 6A52A6D62EBF00C200FE3DEC /* Project object */;
}
